
Microsoft Visual Studio Solution File, Format Version 12.00
# Visual Studio Version 16
VisualStudioVersion = 16.0.32802.440
MinimumVisualStudioVersion = 10.0.40219.1
Project("{FAE04EC0-301F-11D3-BF4B-00C04F79EFBC}") = "Tetris", "Tetris\Tetris.csproj", "{5914A1EC-07B3-415E-A9F5-99693522DCDB}"
EndProject
Global
	GlobalSection(SolutionConfigurationPlatforms) = preSolution
		Debug|Any CPU = Debug|Any CPU
		Release|Any CPU = Release|Any CPU
	EndGlobalSection
	GlobalSection(ProjectConfigurationPlatforms) = postSolution
		{5914A1EC-07B3-415E-A9F5-99693522DCDB}.Debug|Any CPU.ActiveCfg = Debug|Any CPU
		{5914A1EC-07B3-415E-A9F5-99693522DCDB}.Debug|Any CPU.Build.0 = Debug|Any CPU
		{5914A1EC-07B3-415E-A9F5-99693522DCDB}.Release|Any CPU.ActiveCfg = Release|Any CPU
		{5914A1EC-07B3-415E-A9F5-99693522DCDB}.Release|Any CPU.Build.0 = Release|Any CPU
	EndGlobalSection
	GlobalSection(SolutionProperties) = preSolution
		HideSolutionNode = FALSE
	EndGlobalSection
	GlobalSection(ExtensibilityGlobals) = postSolution
		SolutionGuid = {54E82BBE-A6DA-4287-9E6B-17A1D5735D62}
	EndGlobalSection
EndGlobal
